
Microsoft Visual Studio Solution File, Format Version 12.00
# Visual Studio Version 16
VisualStudioVersion = 16.0.30503.244
MinimumVisualStudioVersion = 10.0.40219.1
Project("{FAE04EC0-301F-11D3-BF4B-00C04F79EFBC}") = "API", "API\API.csproj", "{68E71ADC-7E0D-4DB9-BCB0-ABEAF75DA57D}"
EndProject
Project("{FAE04EC0-301F-11D3-BF4B-00C04F79EFBC}") = "Database", "Database\Database.csproj", "{F394337A-62FC-471F-95A8-903DDAB59638}"
EndProject
Global
	GlobalSection(SolutionConfigurationPlatforms) = preSolution
		Debug|Any CPU = Debug|Any CPU
		Release|Any CPU = Release|Any CPU
	EndGlobalSection
	GlobalSection(ProjectConfigurationPlatforms) = postSolution
		{68E71ADC-7E0D-4DB9-BCB0-ABEAF75DA57D}.Debug|Any CPU.ActiveCfg = Debug|Any CPU
		{68E71ADC-7E0D-4DB9-BCB0-ABEAF75DA57D}.Debug|Any CPU.Build.0 = Debug|Any CPU
		{68E71ADC-7E0D-4DB9-BCB0-ABEAF75DA57D}.Release|Any CPU.ActiveCfg = Release|Any CPU
		{68E71ADC-7E0D-4DB9-BCB0-ABEAF75DA57D}.Release|Any CPU.Build.0 = Release|Any CPU
		{F394337A-62FC-471F-95A8-903DDAB59638}.Debug|Any CPU.ActiveCfg = Debug|Any CPU
		{F394337A-62FC-471F-95A8-903DDAB59638}.Debug|Any CPU.Build.0 = Debug|Any CPU
		{F394337A-62FC-471F-95A8-903DDAB59638}.Release|Any CPU.ActiveCfg = Release|Any CPU
		{F394337A-62FC-471F-95A8-903DDAB59638}.Release|Any CPU.Build.0 = Release|Any CPU
	EndGlobalSection
	GlobalSection(SolutionProperties) = preSolution
		HideSolutionNode = FALSE
	EndGlobalSection
	GlobalSection(ExtensibilityGlobals) = postSolution
		SolutionGuid = {40EFEEA7-3041-4F0A-B93D-70118DE4ED21}
	EndGlobalSection
EndGlobal
